
Microsoft Visual Studio Solution File, Format Version 12.00
# Visual Studio Version 16
VisualStudioVersion = 16.0.29411.108
MinimumVisualStudioVersion = 10.0.40219.1
Project("{F184B08F-C81C-45F6-A57F-5ABD9991F28F}") = "BlaccJacc", "BlaccJacc\BlaccJacc.vbproj", "{FE05FFCF-04F1-49C9-AD11-BB67F422BF96}"
EndProject
Global
	GlobalSection(SolutionConfigurationPlatforms) = preSolution
		Debug|Any CPU = Debug|Any CPU
		Release|Any CPU = Release|Any CPU
	EndGlobalSection
	GlobalSection(ProjectConfigurationPlatforms) = postSolution
		{FE05FFCF-04F1-49C9-AD11-BB67F422BF96}.Debug|Any CPU.ActiveCfg = Debug|Any CPU
		{FE05FFCF-04F1-49C9-AD11-BB67F422BF96}.Debug|Any CPU.Build.0 = Debug|Any CPU
		{FE05FFCF-04F1-49C9-AD11-BB67F422BF96}.Release|Any CPU.ActiveCfg = Release|Any CPU
		{FE05FFCF-04F1-49C9-AD11-BB67F422BF96}.Release|Any CPU.Build.0 = Release|Any CPU
	EndGlobalSection
	GlobalSection(SolutionProperties) = preSolution
		HideSolutionNode = FALSE
	EndGlobalSection
	GlobalSection(ExtensibilityGlobals) = postSolution
		SolutionGuid = {4DC1560E-9423-4DDF-980D-D67FD7A00292}
	EndGlobalSection
EndGlobal
